
Microsoft Visual Studio Solution File, Format Version 12.00
# Visual Studio Version 16
VisualStudioVersion = 16.0.30114.105
MinimumVisualStudioVersion = 10.0.40219.1
Project("{FAE04EC0-301F-11D3-BF4B-00C04F79EFBC}") = "Domain", "Domain\Domain.csproj", "{A921000B-C0C0-461D-B4E0-D542CACC5BCC}"
EndProject
Project("{FAE04EC0-301F-11D3-BF4B-00C04F79EFBC}") = "Appication", "Appication\Appication.csproj", "{758A5CDA-9C56-4A0B-BC11-8E7757A3C30A}"
EndProject
Project("{FAE04EC0-301F-11D3-BF4B-00C04F79EFBC}") = "Persistence", "Persistence\Persistence.csproj", "{A5E08C8C-4D58-471E-8E6D-A8F16011C4DA}"
EndProject
Project("{FAE04EC0-301F-11D3-BF4B-00C04F79EFBC}") = "API", "API\API.csproj", "{288C1E94-EE7D-4D72-A939-224053C6F504}"
EndProject
Global
	GlobalSection(SolutionConfigurationPlatforms) = preSolution
		Debug|Any CPU = Debug|Any CPU
		Release|Any CPU = Release|Any CPU
	EndGlobalSection
	GlobalSection(SolutionProperties) = preSolution
		HideSolutionNode = FALSE
	EndGlobalSection
	GlobalSection(ProjectConfigurationPlatforms) = postSolution
		{A921000B-C0C0-461D-B4E0-D542CACC5BCC}.Debug|Any CPU.ActiveCfg = Debug|Any CPU
		{A921000B-C0C0-461D-B4E0-D542CACC5BCC}.Debug|Any CPU.Build.0 = Debug|Any CPU
		{A921000B-C0C0-461D-B4E0-D542CACC5BCC}.Release|Any CPU.ActiveCfg = Release|Any CPU
		{A921000B-C0C0-461D-B4E0-D542CACC5BCC}.Release|Any CPU.Build.0 = Release|Any CPU
		{758A5CDA-9C56-4A0B-BC11-8E7757A3C30A}.Debug|Any CPU.ActiveCfg = Debug|Any CPU
		{758A5CDA-9C56-4A0B-BC11-8E7757A3C30A}.Debug|Any CPU.Build.0 = Debug|Any CPU
		{758A5CDA-9C56-4A0B-BC11-8E7757A3C30A}.Release|Any CPU.ActiveCfg = Release|Any CPU
		{758A5CDA-9C56-4A0B-BC11-8E7757A3C30A}.Release|Any CPU.Build.0 = Release|Any CPU
		{A5E08C8C-4D58-471E-8E6D-A8F16011C4DA}.Debug|Any CPU.ActiveCfg = Debug|Any CPU
		{A5E08C8C-4D58-471E-8E6D-A8F16011C4DA}.Debug|Any CPU.Build.0 = Debug|Any CPU
		{A5E08C8C-4D58-471E-8E6D-A8F16011C4DA}.Release|Any CPU.ActiveCfg = Release|Any CPU
		{A5E08C8C-4D58-471E-8E6D-A8F16011C4DA}.Release|Any CPU.Build.0 = Release|Any CPU
		{288C1E94-EE7D-4D72-A939-224053C6F504}.Debug|Any CPU.ActiveCfg = Debug|Any CPU
		{288C1E94-EE7D-4D72-A939-224053C6F504}.Debug|Any CPU.Build.0 = Debug|Any CPU
		{288C1E94-EE7D-4D72-A939-224053C6F504}.Release|Any CPU.ActiveCfg = Release|Any CPU
		{288C1E94-EE7D-4D72-A939-224053C6F504}.Release|Any CPU.Build.0 = Release|Any CPU
	EndGlobalSection
EndGlobal
